// !$*UTF8*$!
{
	archiveVersion = 1;
	classes = {
	};
	objectVersion = 46;
	objects = {

/* Begin PBXBuildFile section */
		D5673BF21BA7D5D50021BAD4 /* main.m in Sources */ = {isa = PBXBuildFile; fileRef = D5673BF11BA7D5D50021BAD4 /* main.m */; };
		D5673BF51BA7D5D50021BAD4 /* AppDelegate.m in Sources */ = {isa = PBXBuildFile; fileRef = D5673BF41BA7D5D50021BAD4 /* AppDelegate.m */; };
		D5673BFD1BA7D5D50021BAD4 /* Assets.xcassets in Resources */ = {isa = PBXBuildFile; fileRef = D5673BFC1BA7D5D50021BAD4 /* Assets.xcassets */; };
		D5673C001BA7D5D50021BAD4 /* LaunchScreen.storyboard in Resources */ = {isa = PBXBuildFile; fileRef = D5673BFE1BA7D5D50021BAD4 /* LaunchScreen.storyboard */; };
		D5673C0C1BA7D6040021BAD4 /* Main1.storyboard in Resources */ = {isa = PBXBuildFile; fileRef = D5673C071BA7D6040021BAD4 /* Main1.storyboard */; };
		D5673C0D1BA7D6040021BAD4 /* Main2.storyboard in Resources */ = {isa = PBXBuildFile; fileRef = D5673C081BA7D6040021BAD4 /* Main2.storyboard */; };
		D5673C0E1BA7D6040021BAD4 /* Main3.storyboard in Resources */ = {isa = PBXBuildFile; fileRef = D5673C091BA7D6040021BAD4 /* Main3.storyboard */; };
		D5673C0F1BA7D6040021BAD4 /* Main4.storyboard in Resources */ = {isa = PBXBuildFile; fileRef = D5673C0A1BA7D6040021BAD4 /* Main4.storyboard */; };
		D5673C101BA7D6040021BAD4 /* Tabbar.storyboard in Resources */ = {isa = PBXBuildFile; fileRef = D5673C0B1BA7D6040021BAD4 /* Tabbar.storyboard */; };
		D5673C161BA7D9ED0021BAD4 /* MainViewController.m in Sources */ = {isa = PBXBuildFile; fileRef = D5673C151BA7D9ED0021BAD4 /* MainViewController.m */; };
		D5673C191BA7DB2F0021BAD4 /* MHCImageTabBarViewController.m in Sources */ = {isa = PBXBuildFile; fileRef = D5673C181BA7DB2F0021BAD4 /* MHCImageTabBarViewController.m */; };
/* End PBXBuildFile section */

/* Begin PBXFileReference section */
		D5673BED1BA7D5D50021BAD4 /* MHCImageTabBar.app */ = {isa = PBXFileReference; explicitFileType = wrapper.application; includeInIndex = 0; path = MHCImageTabBar.app; sourceTree = BUILT_PRODUCTS_DIR; };
		D5673BF11BA7D5D50021BAD4 /* main.m */ = {isa = PBXFileReference; lastKnownFileType = sourcecode.c.objc; path = main.m; sourceTree = "<group>"; };
		D5673BF31BA7D5D50021BAD4 /* AppDelegate.h */ = {isa = PBXFileReference; lastKnownFileType = sourcecode.c.h; path = AppDelegate.h; sourceTree = "<group>"; };
		D5673BF41BA7D5D50021BAD4 /* AppDelegate.m */ = {isa = PBXFileReference; lastKnownFileType = sourcecode.c.objc; path = AppDelegate.m; sourceTree = "<group>"; };
		D5673BFC1BA7D5D50021BAD4 /* Assets.xcassets */ = {isa = PBXFileReference; lastKnownFileType = folder.assetcatalog; path = Assets.xcassets; sourceTree = "<group>"; };
		D5673BFF1BA7D5D50021BAD4 /* Base */ = {isa = PBXFileReference; lastKnownFileType = file.storyboard; name = Base; path = Base.lproj/LaunchScreen.storyboard; sourceTree = "<group>"; };
		D5673C011BA7D5D50021BAD4 /* Info.plist */ = {isa = PBXFileReference; lastKnownFileType = text.plist.xml; path = Info.plist; sourceTree = "<group>"; };
		D5673C071BA7D6040021BAD4 /* Main1.storyboard */ = {isa = PBXFileReference; fileEncoding = 4; lastKnownFileType = file.storyboard; path = Main1.storyboard; sourceTree = "<group>"; };
		D5673C081BA7D6040021BAD4 /* Main2.storyboard */ = {isa = PBXFileReference; fileEncoding = 4; lastKnownFileType = file.storyboard; path = Main2.storyboard; sourceTree = "<group>"; };
		D5673C091BA7D6040021BAD4 /* Main3.storyboard */ = {isa = PBXFileReference; fileEncoding = 4; lastKnownFileType = file.storyboard; path = Main3.storyboard; sourceTree = "<group>"; };
		D5673C0A1BA7D6040021BAD4 /* Main4.storyboard */ = {isa = PBXFileReference; fileEncoding = 4; lastKnownFileType = file.storyboard; path = Main4.storyboard; sourceTree = "<group>"; };
		D5673C0B1BA7D6040021BAD4 /* Tabbar.storyboard */ = {isa = PBXFileReference; fileEncoding = 4; lastKnownFileType = file.storyboard; path = Tabbar.storyboard; sourceTree = "<group>"; };
		D5673C111BA7D6850021BAD4 /* Constants.h */ = {isa = PBXFileReference; lastKnownFileType = sourcecode.c.h; path = Constants.h; sourceTree = "<group>"; };
		D5673C141BA7D9C60021BAD4 /* MainViewController.h */ = {isa = PBXFileReference; lastKnownFileType = sourcecode.c.h; path = MainViewController.h; sourceTree = "<group>"; };
		D5673C151BA7D9ED0021BAD4 /* MainViewController.m */ = {isa = PBXFileReference; fileEncoding = 4; lastKnownFileType = sourcecode.c.objc; path = MainViewController.m; sourceTree = "<group>"; };
		D5673C171BA7DB2F0021BAD4 /* MHCImageTabBarViewController.h */ = {isa = PBXFileReference; fileEncoding = 4; lastKnownFileType = sourcecode.c.h; path = MHCImageTabBarViewController.h; sourceTree = "<group>"; };
		D5673C181BA7DB2F0021BAD4 /* MHCImageTabBarViewController.m */ = {isa = PBXFileReference; fileEncoding = 4; lastKnownFileType = sourcecode.c.objc; path = MHCImageTabBarViewController.m; sourceTree = "<group>"; };
/* End PBXFileReference section */

/* Begin PBXFrameworksBuildPhase section */
		D5673BEA1BA7D5D50021BAD4 /* Frameworks */ = {
			isa = PBXFrameworksBuildPhase;
			buildActionMask = 2147483647;
			files = (
			);
			runOnlyForDeploymentPostprocessing = 0;
		};
/* End PBXFrameworksBuildPhase section */

/* Begin PBXGroup section */
		D5673BE41BA7D5D50021BAD4 = {
			isa = PBXGroup;
			children = (
				D5673BEF1BA7D5D50021BAD4 /* MHCImageTabBar */,
				D5673BEE1BA7D5D50021BAD4 /* Products */,
			);
			sourceTree = "<group>";
		};
		D5673BEE1BA7D5D50021BAD4 /* Products */ = {
			isa = PBXGroup;
			children = (
				D5673BED1BA7D5D50021BAD4 /* MHCImageTabBar.app */,
			);
			name = Products;
			sourceTree = "<group>";
		};
		D5673BEF1BA7D5D50021BAD4 /* MHCImageTabBar */ = {
			isa = PBXGroup;
			children = (
				D5673C111BA7D6850021BAD4 /* Constants.h */,
				D5673BF31BA7D5D50021BAD4 /* AppDelegate.h */,
				D5673BF41BA7D5D50021BAD4 /* AppDelegate.m */,
				D5673C171BA7DB2F0021BAD4 /* MHCImageTabBarViewController.h */,
				D5673C181BA7DB2F0021BAD4 /* MHCImageTabBarViewController.m */,
				D5673C071BA7D6040021BAD4 /* Main1.storyboard */,
				D5673C081BA7D6040021BAD4 /* Main2.storyboard */,
				D5673C091BA7D6040021BAD4 /* Main3.storyboard */,
				D5673C0A1BA7D6040021BAD4 /* Main4.storyboard */,
				D5673C0B1BA7D6040021BAD4 /* Tabbar.storyboard */,
				D5673BFC1BA7D5D50021BAD4 /* Assets.xcassets */,
				D5673C141BA7D9C60021BAD4 /* MainViewController.h */,
				D5673C151BA7D9ED0021BAD4 /* MainViewController.m */,
				D5673BFE1BA7D5D50021BAD4 /* LaunchScreen.storyboard */,
				D5673C011BA7D5D50021BAD4 /* Info.plist */,
				D5673BF01BA7D5D50021BAD4 /* Supporting Files */,
			);
			path = MHCImageTabBar;
			sourceTree = "<group>";
		};
		D5673BF01BA7D5D50021BAD4 /* Supporting Files */ = {
			isa = PBXGroup;
			children = (
				D5673BF11BA7D5D50021BAD4 /* main.m */,
			);
			name = "Supporting Files";
			sourceTree = "<group>";
		};
/* End PBXGroup section */

/* Begin PBXNativeTarget section */
		D5673BEC1BA7D5D50021BAD4 /* MHCImageTabBar */ = {
			isa = PBXNativeTarget;
			buildConfigurationList = D5673C041BA7D5D50021BAD4 /* Build configuration list for PBXNativeTarget "MHCImageTabBar" */;
			buildPhases = (
				D5673BE91BA7D5D50021BAD4 /* Sources */,
				D5673BEA1BA7D5D50021BAD4 /* Frameworks */,
				D5673BEB1BA7D5D50021BAD4 /* Resources */,
			);
			buildRules = (
			);
			dependencies = (
			);
			name = MHCImageTabBar;
			productName = MHCImageTabBar;
			productReference = D5673BED1BA7D5D50021BAD4 /* MHCImageTabBar.app */;
			productType = "com.apple.product-type.application";
		};
/* End PBXNativeTarget section */

/* Begin PBXProject section */
		D5673BE51BA7D5D50021BAD4 /* Project object */ = {
			isa = PBXProject;
			attributes = {
				LastUpgradeCheck = 0700;
				ORGANIZATIONNAME = MHO;
				TargetAttributes = {
					D5673BEC1BA7D5D50021BAD4 = {
						CreatedOnToolsVersion = 7.0;
					};
				};
			};
			buildConfigurationList = D5673BE81BA7D5D50021BAD4 /* Build configuration list for PBXProject "MHCImageTabBar" */;
			compatibilityVersion = "Xcode 3.2";
			developmentRegion = English;
			hasScannedForEncodings = 0;
			knownRegions = (
				en,
				Base,
			);
			mainGroup = D5673BE41BA7D5D50021BAD4;
			productRefGroup = D5673BEE1BA7D5D50021BAD4 /* Products */;
			projectDirPath = "";
			projectRoot = "";
			targets = (
				D5673BEC1BA7D5D50021BAD4 /* MHCImageTabBar */,
			);
		};
/* End PBXProject section */

/* Begin PBXResourcesBuildPhase section */
		D5673BEB1BA7D5D50021BAD4 /* Resources */ = {
			isa = PBXResourcesBuildPhase;
			buildActionMask = 2147483647;
			files = (
				D5673C001BA7D5D50021BAD4 /* LaunchScreen.storyboard in Resources */,
				D5673C0C1BA7D6040021BAD4 /* Main1.storyboard in Resources */,
				D5673BFD1BA7D5D50021BAD4 /* Assets.xcassets in Resources */,
				D5673C0E1BA7D6040021BAD4 /* Main3.storyboard in Resources */,
				D5673C101BA7D6040021BAD4 /* Tabbar.storyboard in Resources */,
				D5673C0F1BA7D6040021BAD4 /* Main4.storyboard in Resources */,
				D5673C0D1BA7D6040021BAD4 /* Main2.storyboard in Resources */,
			);
			runOnlyForDeploymentPostprocessing = 0;
		};
/* End PBXResourcesBuildPhase section */

/* Begin PBXSourcesBuildPhase section */
		D5673BE91BA7D5D50021BAD4 /* Sources */ = {
			isa = PBXSourcesBuildPhase;
			buildActionMask = 2147483647;
			files = (
				D5673BF51BA7D5D50021BAD4 /* AppDelegate.m in Sources */,
				D5673BF21BA7D5D50021BAD4 /* main.m in Sources */,
				D5673C161BA7D9ED0021BAD4 /* MainViewController.m in Sources */,
				D5673C191BA7DB2F0021BAD4 /* MHCImageTabBarViewController.m in Sources */,
			);
			runOnlyForDeploymentPostprocessing = 0;
		};
/* End PBXSourcesBuildPhase section */

/* Begin PBXVariantGroup section */
		D5673BFE1BA7D5D50021BAD4 /* LaunchScreen.storyboard */ = {
			isa = PBXVariantGroup;
			children = (
				D5673BFF1BA7D5D50021BAD4 /* Base */,
			);
			name = LaunchScreen.storyboard;
			sourceTree = "<group>";
		};
/* End PBXVariantGroup section */

/* Begin XCBuildConfiguration section */
		D5673C021BA7D5D50021BAD4 /* Debug */ = {
			isa = XCBuildConfiguration;
			buildSettings = {
				ALWAYS_SEARCH_USER_PATHS = NO;
				CLANG_CXX_LANGUAGE_STANDARD = "gnu++0x";
				CLANG_CXX_LIBRARY = "libc++";
				CLANG_ENABLE_MODULES = YES;
				CLANG_ENABLE_OBJC_ARC = YES;
				CLANG_WARN_BOOL_CONVERSION = YES;
				CLANG_WARN_CONSTANT_CONVERSION = YES;
				CLANG_WARN_DIRECT_OBJC_ISA_USAGE = YES_ERROR;
				CLANG_WARN_EMPTY_BODY = YES;
				CLANG_WARN_ENUM_CONVERSION = YES;
				CLANG_WARN_INT_CONVERSION = YES;
				CLANG_WARN_OBJC_ROOT_CLASS = YES_ERROR;
				CLANG_WARN_UNREACHABLE_CODE = YES;
				CLANG_WARN__DUPLICATE_METHOD_MATCH = YES;
				"CODE_SIGN_IDENTITY[sdk=iphoneos*]" = "iPhone Developer";
				COPY_PHASE_STRIP = NO;
				DEBUG_INFORMATION_FORMAT = dwarf;
				ENABLE_STRICT_OBJC_MSGSEND = YES;
				ENABLE_TESTABILITY = YES;
				GCC_C_LANGUAGE_STANDARD = gnu99;
				GCC_DYNAMIC_NO_PIC = NO;
				GCC_NO_COMMON_BLOCKS = YES;
				GCC_OPTIMIZATION_LEVEL = 0;
				GCC_PREPROCESSOR_DEFINITIONS = (
					"DEBUG=1",
					"$(inherited)",
				);
				GCC_WARN_64_TO_32_BIT_CONVERSION = YES;
				GCC_WARN_ABOUT_RETURN_TYPE = YES_ERROR;
				GCC_WARN_UNDECLARED_SELECTOR = YES;
				GCC_WARN_UNINITIALIZED_AUTOS = YES_AGGRESSIVE;
				GCC_WARN_UNUSED_FUNCTION = YES;
				GCC_WARN_UNUSED_VARIABLE = YES;
				IPHONEOS_DEPLOYMENT_TARGET = 9.0;
				MTL_ENABLE_DEBUG_INFO = YES;
				ONLY_ACTIVE_ARCH = YES;
				SDKROOT = iphoneos;
				TARGETED_DEVICE_FAMILY = "1,2";
			};
			name = Debug;
		};
		D5673C031BA7D5D50021BAD4 /* Release */ = {
			isa = XCBuildConfiguration;
			buildSettings = {
				ALWAYS_SEARCH_USER_PATHS = NO;
				CLANG_CXX_LANGUAGE_STANDARD = "gnu++0x";
				CLANG_CXX_LIBRARY = "libc++";
				CLANG_ENABLE_MODULES = YES;
				CLANG_ENABLE_OBJC_ARC = YES;
				CLANG_WARN_BOOL_CONVERSION = YES;
				CLANG_WARN_CONSTANT_CONVERSION = YES;
				CLANG_WARN_DIRECT_OBJC_ISA_USAGE = YES_ERROR;
				CLANG_WARN_EMPTY_BODY = YES;
				CLANG_WARN_ENUM_CONVERSION = YES;
				CLANG_WARN_INT_CONVERSION = YES;
				CLANG_WARN_OBJC_ROOT_CLASS = YES_ERROR;
				CLANG_WARN_UNREACHABLE_CODE = YES;
				CLANG_WARN__DUPLICATE_METHOD_MATCH = YES;
				"CODE_SIGN_IDENTITY[sdk=iphoneos*]" = "iPhone Developer";
				COPY_PHASE_STRIP = NO;
				DEBUG_INFORMATION_FORMAT = "dwarf-with-dsym";
				ENABLE_NS_ASSERTIONS = NO;
				ENABLE_STRICT_OBJC_MSGSEND = YES;
				GCC_C_LANGUAGE_STANDARD = gnu99;
				GCC_NO_COMMON_BLOCKS = YES;
				GCC_WARN_64_TO_32_BIT_CONVERSION = YES;
				GCC_WARN_ABOUT_RETURN_TYPE = YES_ERROR;
				GCC_WARN_UNDECLARED_SELECTOR = YES;
				GCC_WARN_UNINITIALIZED_AUTOS = YES_AGGRESSIVE;
				GCC_WARN_UNUSED_FUNCTION = YES;
				GCC_WARN_UNUSED_VARIABLE = YES;
				IPHONEOS_DEPLOYMENT_TARGET = 9.0;
				MTL_ENABLE_DEBUG_INFO = NO;
				SDKROOT = iphoneos;
				TARGETED_DEVICE_FAMILY = "1,2";
				VALIDATE_PRODUCT = YES;
			};
			name = Release;
		};
		D5673C051BA7D5D50021BAD4 /* Debug */ = {
			isa = XCBuildConfiguration;
			buildSettings = {
				ASSETCATALOG_COMPILER_APPICON_NAME = AppIcon;
				ASSETCATALOG_COMPILER_LAUNCHIMAGE_NAME = BrandAsset;
				INFOPLIST_FILE = MHCImageTabBar/Info.plist;
				IPHONEOS_DEPLOYMENT_TARGET = 7.0;
				LD_RUNPATH_SEARCH_PATHS = "$(inherited) @executable_path/Frameworks";
				PRODUCT_BUNDLE_IDENTIFIER = com.mho.MHCImageTabBar;
				PRODUCT_NAME = "$(TARGET_NAME)";
			};
			name = Debug;
		};
		D5673C061BA7D5D50021BAD4 /* Release */ = {
			isa = XCBuildConfiguration;
			buildSettings = {
				ASSETCATALOG_COMPILER_APPICON_NAME = AppIcon;
				ASSETCATALOG_COMPILER_LAUNCHIMAGE_NAME = BrandAsset;
				INFOPLIST_FILE = MHCImageTabBar/Info.plist;
				IPHONEOS_DEPLOYMENT_TARGET = 7.0;
				LD_RUNPATH_SEARCH_PATHS = "$(inherited) @executable_path/Frameworks";
				PRODUCT_BUNDLE_IDENTIFIER = com.mho.MHCImageTabBar;
				PRODUCT_NAME = "$(TARGET_NAME)";
			};
			name = Release;
		};
/* End XCBuildConfiguration section */

/* Begin XCConfigurationList section */
		D5673BE81BA7D5D50021BAD4 /* Build configuration list for PBXProject "MHCImageTabBar" */ = {
			isa = XCConfigurationList;
			buildConfigurations = (
				D5673C021BA7D5D50021BAD4 /* Debug */,
				D5673C031BA7D5D50021BAD4 /* Release */,
			);
			defaultConfigurationIsVisible = 0;
			defaultConfigurationName = Release;
		};
		D5673C041BA7D5D50021BAD4 /* Build configuration list for PBXNativeTarget "MHCImageTabBar" */ = {
			isa = XCConfigurationList;
			buildConfigurations = (
				D5673C051BA7D5D50021BAD4 /* Debug */,
				D5673C061BA7D5D50021BAD4 /* Release */,
			);
			defaultConfigurationIsVisible = 0;
			defaultConfigurationName = Release;
		};
/* End XCConfigurationList section */
	};
	rootObject = D5673BE51BA7D5D50021BAD4 /* Project object */;
}
